# This file is @generated by PDM.
# It is not intended for manual editing.

[metadata]
groups = ["default"]
strategy = ["inherit_metadata"]
lock_version = "4.5.0"
content_hash = "sha256:edc76da3423055c14a13cb659dac28fb9c7a81b167e29f72640569289b50a245"

[[metadata.targets]]
requires_python = "==3.11.*"

[[package]]
name = "aiohappyeyeballs"
version = "2.6.1"
requires_python = ">=3.9"
summary = "Happy Eyeballs for asyncio"
groups = ["default"]
files = [
    {file = "aiohappyeyeballs-2.6.1-py3-none-any.whl", hash = "sha256:f349ba8f4b75cb25c99c5c2d84e997e485204d2902a9597802b0371f09331fb8"},
    {file = "aiohappyeyeballs-2.6.1.tar.gz", hash = "sha256:c3f9d0113123803ccadfdf3f0faa505bc78e6a72d1cc4806cbd719826e943558"},
]

[[package]]
name = "aiohttp"
version = "3.12.13"
requires_python = ">=3.9"
summary = "Async http client/server framework (asyncio)"
groups = ["default"]
dependencies = [
    "aiohappyeyeballs>=2.5.0",
    "aiosignal>=1.1.2",
    "async-timeout<6.0,>=4.0; python_version < \"3.11\"",
    "attrs>=17.3.0",
    "frozenlist>=1.1.1",
    "multidict<7.0,>=4.5",
    "propcache>=0.2.0",
    "yarl<2.0,>=1.17.0",
]
files = [
    {file = "aiohttp-3.12.13-cp311-cp311-macosx_10_9_universal2.whl", hash = "sha256:7c229b1437aa2576b99384e4be668af1db84b31a45305d02f61f5497cfa6f60c"},
    {file = "aiohttp-3.12.13-cp311-cp311-macosx_10_9_x86_64.whl", hash = "sha256:04076d8c63471e51e3689c93940775dc3d12d855c0c80d18ac5a1c68f0904358"},
    {file = "aiohttp-3.12.13-cp311-cp311-macosx_11_0_arm64.whl", hash = "sha256:55683615813ce3601640cfaa1041174dc956d28ba0511c8cbd75273eb0587014"},
    {file = "aiohttp-3.12.13-cp311-cp311-manylinux_2_17_aarch64.manylinux2014_aarch64.whl", hash = "sha256:921bc91e602d7506d37643e77819cb0b840d4ebb5f8d6408423af3d3bf79a7b7"},
    {file = "aiohttp-3.12.13-cp311-cp311-manylinux_2_17_armv7l.manylinux2014_armv7l.manylinux_2_31_armv7l.whl", hash = "sha256:e72d17fe0974ddeae8ed86db297e23dba39c7ac36d84acdbb53df2e18505a013"},
    {file = "aiohttp-3.12.13-cp311-cp311-manylinux_2_17_ppc64le.manylinux2014_ppc64le.whl", hash = "sha256:0653d15587909a52e024a261943cf1c5bdc69acb71f411b0dd5966d065a51a47"},
    {file = "aiohttp-3.12.13-cp311-cp311-manylinux_2_17_s390x.manylinux2014_s390x.whl", hash = "sha256:a77b48997c66722c65e157c06c74332cdf9c7ad00494b85ec43f324e5c5a9b9a"},
    {file = "aiohttp-3.12.13-cp311-cp311-manylinux_2_17_x86_64.manylinux2014_x86_64.whl", hash = "sha256:d6946bae55fd36cfb8e4092c921075cde029c71c7cb571d72f1079d1e4e013bc"},
    {file = "aiohttp-3.12.13-cp311-cp311-manylinux_2_5_i686.manylinux1_i686.manylinux_2_17_i686.manylinux2014_i686.whl", hash = "sha256:4f95db8c8b219bcf294a53742c7bda49b80ceb9d577c8e7aa075612b7f39ffb7"},
    {file = "aiohttp-3.12.13-cp311-cp311-musllinux_1_2_aarch64.whl", hash = "sha256:03d5eb3cfb4949ab4c74822fb3326cd9655c2b9fe22e4257e2100d44215b2e2b"},
    {file = "aiohttp-3.12.13-cp311-cp311-musllinux_1_2_armv7l.whl", hash = "sha256:6383dd0ffa15515283c26cbf41ac8e6705aab54b4cbb77bdb8935a713a89bee9"},
    {file = "aiohttp-3.12.13-cp311-cp311-musllinux_1_2_i686.whl", hash = "sha256:6548a411bc8219b45ba2577716493aa63b12803d1e5dc70508c539d0db8dbf5a"},
    {file = "aiohttp-3.12.13-cp311-cp311-musllinux_1_2_ppc64le.whl", hash = "sha256:81b0fcbfe59a4ca41dc8f635c2a4a71e63f75168cc91026c61be665945739e2d"},
    {file = "aiohttp-3.12.13-cp311-cp311-musllinux_1_2_s390x.whl", hash = "sha256:6a83797a0174e7995e5edce9dcecc517c642eb43bc3cba296d4512edf346eee2"},
    {file = "aiohttp-3.12.13-cp311-cp311-musllinux_1_2_x86_64.whl", hash = "sha256:a5734d8469a5633a4e9ffdf9983ff7cdb512524645c7a3d4bc8a3de45b935ac3"},
    {file = "aiohttp-3.12.13-cp311-cp311-win32.whl", hash = "sha256:fef8d50dfa482925bb6b4c208b40d8e9fa54cecba923dc65b825a72eed9a5dbd"},
    {file = "aiohttp-3.12.13-cp311-cp311-win_amd64.whl", hash = "sha256:9a27da9c3b5ed9d04c36ad2df65b38a96a37e9cfba6f1381b842d05d98e6afe9"},
    {file = "aiohttp-3.12.13.tar.gz", hash = "sha256:47e2da578528264a12e4e3dd8dd72a7289e5f812758fe086473fab037a10fcce"},
]

[[package]]
name = "aiosignal"
version = "1.3.2"
requires_python = ">=3.9"
summary = "aiosignal: a list of registered asynchronous callbacks"
groups = ["default"]
dependencies = [
    "frozenlist>=1.1.0",
]
files = [
    {file = "aiosignal-1.3.2-py2.py3-none-any.whl", hash = "sha256:45cde58e409a301715980c2b01d0c28bdde3770d8290b5eb2173759d9acb31a5"},
    {file = "aiosignal-1.3.2.tar.gz", hash = "sha256:a8c255c66fafb1e499c9351d0bf32ff2d8a0321595ebac3b93713656d2436f54"},
]

[[package]]
name = "annotated-types"
version = "0.7.0"
requires_python = ">=3.8"
summary = "Reusable constraint types to use with typing.Annotated"
groups = ["default"]
dependencies = [
    "typing-extensions>=4.0.0; python_version < \"3.9\"",
]
files = [
    {file = "annotated_types-0.7.0-py3-none-any.whl", hash = "sha256:1f02e8b43a8fbbc3f3e0d4f0f4bfc8131bcb4eebe8849b8e5c773f3a1c582a53"},
    {file = "annotated_types-0.7.0.tar.gz", hash = "sha256:aff07c09a53a08bc8cfccb9c85b05f1aa9a2a6f23728d790723543408344ce89"},
]

[[package]]
name = "attrs"
version = "25.3.0"
requires_python = ">=3.8"
summary = "Classes Without Boilerplate"
groups = ["default"]
files = [
    {file = "attrs-25.3.0-py3-none-any.whl", hash = "sha256:427318ce031701fea540783410126f03899a97ffc6f61596ad581ac2e40e3bc3"},
    {file = "attrs-25.3.0.tar.gz", hash = "sha256:75d7cefc7fb576747b2c81b4442d4d4a1ce0900973527c011d1030fd3bf4af1b"},
]

[[package]]
name = "discord-py"
version = "2.5.2"
requires_python = ">=3.8"
summary = "A Python wrapper for the Discord API"
groups = ["default"]
dependencies = [
    "aiohttp<4,>=3.7.4",
    "audioop-lts; python_version >= \"3.13\"",
]
files = [
    {file = "discord_py-2.5.2-py3-none-any.whl", hash = "sha256:81f23a17c50509ffebe0668441cb80c139e74da5115305f70e27ce821361295a"},
    {file = "discord_py-2.5.2.tar.gz", hash = "sha256:01cd362023bfea1a4a1d43f5280b5ef00cad2c7eba80098909f98bf28e578524"},
]

[[package]]
name = "frozenlist"
version = "1.7.0"
requires_python = ">=3.9"
summary = "A list-like structure which implements collections.abc.MutableSequence"
groups = ["default"]
files = [
    {file = "frozenlist-1.7.0-cp311-cp311-macosx_10_9_universal2.whl", hash = "sha256:aa51e147a66b2d74de1e6e2cf5921890de6b0f4820b257465101d7f37b49fb5a"},
    {file = "frozenlist-1.7.0-cp311-cp311-macosx_10_9_x86_64.whl", hash = "sha256:9b35db7ce1cd71d36ba24f80f0c9e7cff73a28d7a74e91fe83e23d27c7828750"},
    {file = "frozenlist-1.7.0-cp311-cp311-macosx_11_0_arm64.whl", hash = "sha256:34a69a85e34ff37791e94542065c8416c1afbf820b68f720452f636d5fb990cd"},
    {file = "frozenlist-1.7.0-cp311-cp311-manylinux_2_17_aarch64.manylinux2014_aarch64.whl", hash = "sha256:4a646531fa8d82c87fe4bb2e596f23173caec9185bfbca5d583b4ccfb95183e2"},
    {file = "frozenlist-1.7.0-cp311-cp311-manylinux_2_17_armv7l.manylinux2014_armv7l.manylinux_2_31_armv7l.whl", hash = "sha256:79b2ffbba483f4ed36a0f236ccb85fbb16e670c9238313709638167670ba235f"},
    {file = "frozenlist-1.7.0-cp311-cp311-manylinux_2_17_ppc64le.manylinux2014_ppc64le.whl", hash = "sha256:a26f205c9ca5829cbf82bb2a84b5c36f7184c4316617d7ef1b271a56720d6b30"},
    {file = "frozenlist-1.7.0-cp311-cp311-manylinux_2_17_s390x.manylinux2014_s390x.whl", hash = "sha256:bcacfad3185a623fa11ea0e0634aac7b691aa925d50a440f39b458e41c561d98"},
    {file = "frozenlist-1.7.0-cp311-cp311-manylinux_2_5_i686.manylinux1_i686.manylinux_2_17_i686.manylinux2014_i686.whl", hash = "sha256:72c1b0fe8fe451b34f12dce46445ddf14bd2a5bcad7e324987194dc8e3a74c86"},
    {file = "frozenlist-1.7.0-cp311-cp311-manylinux_2_5_x86_64.manylinux1_x86_64.manylinux_2_17_x86_64.manylinux2014_x86_64.whl", hash = "sha256:61d1a5baeaac6c0798ff6edfaeaa00e0e412d49946c53fae8d4b8e8b3566c4ae"},
    {file = "frozenlist-1.7.0-cp311-cp311-musllinux_1_2_aarch64.whl", hash = "sha256:7edf5c043c062462f09b6820de9854bf28cc6cc5b6714b383149745e287181a8"},
    {file = "frozenlist-1.7.0-cp311-cp311-musllinux_1_2_armv7l.whl", hash = "sha256:d50ac7627b3a1bd2dcef6f9da89a772694ec04d9a61b66cf87f7d9446b4a0c31"},
    {file = "frozenlist-1.7.0-cp311-cp311-musllinux_1_2_i686.whl", hash = "sha256:ce48b2fece5aeb45265bb7a58259f45027db0abff478e3077e12b05b17fb9da7"},
    {file = "frozenlist-1.7.0-cp311-cp311-musllinux_1_2_ppc64le.whl", hash = "sha256:fe2365ae915a1fafd982c146754e1de6ab3478def8a59c86e1f7242d794f97d5"},
    {file = "frozenlist-1.7.0-cp311-cp311-musllinux_1_2_s390x.whl", hash = "sha256:45a6f2fdbd10e074e8814eb98b05292f27bad7d1883afbe009d96abdcf3bc898"},
    {file = "frozenlist-1.7.0-cp311-cp311-musllinux_1_2_x86_64.whl", hash = "sha256:21884e23cffabb157a9dd7e353779077bf5b8f9a58e9b262c6caad2ef5f80a56"},
    {file = "frozenlist-1.7.0-cp311-cp311-win32.whl", hash = "sha256:284d233a8953d7b24f9159b8a3496fc1ddc00f4db99c324bd5fb5f22d8698ea7"},
    {file = "frozenlist-1.7.0-cp311-cp311-win_amd64.whl", hash = "sha256:387cbfdcde2f2353f19c2f66bbb52406d06ed77519ac7ee21be0232147c2592d"},
    {file = "frozenlist-1.7.0-py3-none-any.whl", hash = "sha256:9a5af342e34f7e97caf8c995864c7a396418ae2859cc6fdf1b1073020d516a7e"},
    {file = "frozenlist-1.7.0.tar.gz", hash = "sha256:2e310d81923c2437ea8670467121cc3e9b0f76d3043cc1d2331d56c7fb7a3a8f"},
]

[[package]]
name = "greenlet"
version = "3.2.3"
requires_python = ">=3.9"
summary = "Lightweight in-process concurrent programming"
groups = ["default"]
marker = "(platform_machine == \"win32\" or platform_machine == \"WIN32\" or platform_machine == \"AMD64\" or platform_machine == \"amd64\" or platform_machine == \"x86_64\" or platform_machine == \"ppc64le\" or platform_machine == \"aarch64\") and python_version < \"3.14\""
files = [
    {file = "greenlet-3.2.3-cp311-cp311-macosx_11_0_universal2.whl", hash = "sha256:784ae58bba89fa1fa5733d170d42486580cab9decda3484779f4759345b29822"},
    {file = "greenlet-3.2.3-cp311-cp311-manylinux2014_aarch64.manylinux_2_17_aarch64.whl", hash = "sha256:0921ac4ea42a5315d3446120ad48f90c3a6b9bb93dd9b3cf4e4d84a66e42de83"},
    {file = "greenlet-3.2.3-cp311-cp311-manylinux2014_ppc64le.manylinux_2_17_ppc64le.whl", hash = "sha256:d2971d93bb99e05f8c2c0c2f4aa9484a18d98c4c3bd3c62b65b7e6ae33dfcfaf"},
    {file = "greenlet-3.2.3-cp311-cp311-manylinux2014_s390x.manylinux_2_17_s390x.whl", hash = "sha256:c667c0bf9d406b77a15c924ef3285e1e05250948001220368e039b6aa5b5034b"},
    {file = "greenlet-3.2.3-cp311-cp311-manylinux2014_x86_64.manylinux_2_17_x86_64.whl", hash = "sha256:592c12fb1165be74592f5de0d70f82bc5ba552ac44800d632214b76089945147"},
    {file = "greenlet-3.2.3-cp311-cp311-manylinux_2_24_x86_64.manylinux_2_28_x86_64.whl", hash = "sha256:29e184536ba333003540790ba29829ac14bb645514fbd7e32af331e8202a62a5"},
    {file = "greenlet-3.2.3-cp311-cp311-musllinux_1_1_aarch64.whl", hash = "sha256:93c0bb79844a367782ec4f429d07589417052e621aa39a5ac1fb99c5aa308edc"},
    {file = "greenlet-3.2.3-cp311-cp311-musllinux_1_1_x86_64.whl", hash = "sha256:751261fc5ad7b6705f5f76726567375bb2104a059454e0226e1eef6c756748ba"},
    {file = "greenlet-3.2.3-cp311-cp311-win_amd64.whl", hash = "sha256:83a8761c75312361aa2b5b903b79da97f13f556164a7dd2d5448655425bd4c34"},
    {file = "greenlet-3.2.3.tar.gz", hash = "sha256:8b0dd8ae4c0d6f5e54ee55ba935eeb3d735a9b58a8a1e5b5cbab64e01a39f365"},
]

[[package]]
name = "idna"
version = "3.10"
requires_python = ">=3.6"
summary = "Internationalized Domain Names in Applications (IDNA)"
groups = ["default"]
files = [
    {file = "idna-3.10-py3-none-any.whl", hash = "sha256:946d195a0d259cbba61165e88e65941f16e9b36ea6ddb97f00452bae8b1287d3"},
    {file = "idna-3.10.tar.gz", hash = "sha256:12f65c9b470abda6dc35cf8e63cc574b1c52b11df2c86030af0ac09b01b13ea9"},
]

[[package]]
name = "multidict"
version = "6.6.3"
requires_python = ">=3.9"
summary = "multidict implementation"
groups = ["default"]
dependencies = [
    "typing-extensions>=4.1.0; python_version < \"3.11\"",
]
files = [
    {file = "multidict-6.6.3-cp311-cp311-macosx_10_9_universal2.whl", hash = "sha256:18f4eba0cbac3546b8ae31e0bbc55b02c801ae3cbaf80c247fcdd89b456ff58c"},
    {file = "multidict-6.6.3-cp311-cp311-macosx_10_9_x86_64.whl", hash = "sha256:ef43b5dd842382329e4797c46f10748d8c2b6e0614f46b4afe4aee9ac33159df"},
    {file = "multidict-6.6.3-cp311-cp311-macosx_11_0_arm64.whl", hash = "sha256:bf9bd1fd5eec01494e0f2e8e446a74a85d5e49afb63d75a9934e4a5423dba21d"},
    {file = "multidict-6.6.3-cp311-cp311-manylinux1_i686.manylinux2014_i686.manylinux_2_17_i686.manylinux_2_5_i686.whl", hash = "sha256:5bd8d6f793a787153956cd35e24f60485bf0651c238e207b9a54f7458b16d539"},
    {file = "multidict-6.6.3-cp311-cp311-manylinux2014_aarch64.manylinux_2_17_aarch64.manylinux_2_28_aarch64.whl", hash = "sha256:1bf99b4daf908c73856bd87ee0a2499c3c9a3d19bb04b9c6025e66af3fd07462"},
    {file = "multidict-6.6.3-cp311-cp311-manylinux2014_armv7l.manylinux_2_17_armv7l.manylinux_2_31_armv7l.whl", hash = "sha256:0b9e59946b49dafaf990fd9c17ceafa62976e8471a14952163d10a7a630413a9"},
    {file = "multidict-6.6.3-cp311-cp311-manylinux2014_ppc64le.manylinux_2_17_ppc64le.manylinux_2_28_ppc64le.whl", hash = "sha256:e2db616467070d0533832d204c54eea6836a5e628f2cb1e6dfd8cd6ba7277cb7"},
    {file = "multidict-6.6.3-cp311-cp311-manylinux2014_s390x.manylinux_2_17_s390x.manylinux_2_28_s390x.whl", hash = "sha256:7394888236621f61dcdd25189b2768ae5cc280f041029a5bcf1122ac63df79f9"},
    {file = "multidict-6.6.3-cp311-cp311-manylinux2014_x86_64.manylinux_2_17_x86_64.manylinux_2_28_x86_64.whl", hash = "sha256:f114d8478733ca7388e7c7e0ab34b72547476b97009d643644ac33d4d3fe1821"},
    {file = "multidict-6.6.3-cp311-cp311-musllinux_1_2_aarch64.whl", hash = "sha256:cdf22e4db76d323bcdc733514bf732e9fb349707c98d341d40ebcc6e9318ef3d"},
    {file = "multidict-6.6.3-cp311-cp311-musllinux_1_2_armv7l.whl", hash = "sha256:e995a34c3d44ab511bfc11aa26869b9d66c2d8c799fa0e74b28a473a692532d6"},
    {file = "multidict-6.6.3-cp311-cp311-musllinux_1_2_i686.whl", hash = "sha256:766a4a5996f54361d8d5a9050140aa5362fe48ce51c755a50c0bc3706460c430"},
    {file = "multidict-6.6.3-cp311-cp311-musllinux_1_2_ppc64le.whl", hash = "sha256:3893a0d7d28a7fe6ca7a1f760593bc13038d1d35daf52199d431b61d2660602b"},
    {file = "multidict-6.6.3-cp311-cp311-musllinux_1_2_s390x.whl", hash = "sha256:934796c81ea996e61914ba58064920d6cad5d99140ac3167901eb932150e2e56"},
    {file = "multidict-6.6.3-cp311-cp311-musllinux_1_2_x86_64.whl", hash = "sha256:9ed948328aec2072bc00f05d961ceadfd3e9bfc2966c1319aeaf7b7c21219183"},
    {file = "multidict-6.6.3-cp311-cp311-win32.whl", hash = "sha256:9f5b28c074c76afc3e4c610c488e3493976fe0e596dd3db6c8ddfbb0134dcac5"},
    {file = "multidict-6.6.3-cp311-cp311-win_amd64.whl", hash = "sha256:bc7f6fbc61b1c16050a389c630da0b32fc6d4a3d191394ab78972bf5edc568c2"},
    {file = "multidict-6.6.3-cp311-cp311-win_arm64.whl", hash = "sha256:d4e47d8faffaae822fb5cba20937c048d4f734f43572e7079298a6c39fb172cb"},
    {file = "multidict-6.6.3-py3-none-any.whl", hash = "sha256:8db10f29c7541fc5da4defd8cd697e1ca429db743fa716325f236079b96f775a"},
    {file = "multidict-6.6.3.tar.gz", hash = "sha256:798a9eb12dab0a6c2e29c1de6f3468af5cb2da6053a20dfa3344907eed0937cc"},
]

[[package]]
name = "propcache"
version = "0.3.2"
requires_python = ">=3.9"
summary = "Accelerated property cache"
groups = ["default"]
files = [
    {file = "propcache-0.3.2-cp311-cp311-macosx_10_9_universal2.whl", hash = "sha256:0b8d2f607bd8f80ddc04088bc2a037fdd17884a6fcadc47a96e334d72f3717be"},
    {file = "propcache-0.3.2-cp311-cp311-macosx_10_9_x86_64.whl", hash = "sha256:06766d8f34733416e2e34f46fea488ad5d60726bb9481d3cddf89a6fa2d9603f"},
    {file = "propcache-0.3.2-cp311-cp311-macosx_11_0_arm64.whl", hash = "sha256:a2dc1f4a1df4fecf4e6f68013575ff4af84ef6f478fe5344317a65d38a8e6dc9"},
    {file = "propcache-0.3.2-cp311-cp311-manylinux_2_17_aarch64.manylinux2014_aarch64.whl", hash = "sha256:be29c4f4810c5789cf10ddf6af80b041c724e629fa51e308a7a0fb19ed1ef7bf"},
    {file = "propcache-0.3.2-cp311-cp311-manylinux_2_17_ppc64le.manylinux2014_ppc64le.whl", hash = "sha256:59d61f6970ecbd8ff2e9360304d5c8876a6abd4530cb752c06586849ac8a9dc9"},
    {file = "propcache-0.3.2-cp311-cp311-manylinux_2_17_s390x.manylinux2014_s390x.whl", hash = "sha256:62180e0b8dbb6b004baec00a7983e4cc52f5ada9cd11f48c3528d8cfa7b96a66"},
    {file = "propcache-0.3.2-cp311-cp311-manylinux_2_17_x86_64.manylinux2014_x86_64.whl", hash = "sha256:c144ca294a204c470f18cf4c9d78887810d04a3e2fbb30eea903575a779159df"},
    {file = "propcache-0.3.2-cp311-cp311-manylinux_2_5_i686.manylinux1_i686.manylinux_2_17_i686.manylinux2014_i686.whl", hash = "sha256:c5c2a784234c28854878d68978265617aa6dc0780e53d44b4d67f3651a17a9a2"},
    {file = "propcache-0.3.2-cp311-cp311-musllinux_1_2_aarch64.whl", hash = "sha256:5745bc7acdafa978ca1642891b82c19238eadc78ba2aaa293c6863b304e552d7"},
    {file = "propcache-0.3.2-cp311-cp311-musllinux_1_2_armv7l.whl", hash = "sha256:c0075bf773d66fa8c9d41f66cc132ecc75e5bb9dd7cce3cfd14adc5ca184cb95"},
    {file = "propcache-0.3.2-cp311-cp311-musllinux_1_2_i686.whl", hash = "sha256:5f57aa0847730daceff0497f417c9de353c575d8da3579162cc74ac294c5369e"},
    {file = "propcache-0.3.2-cp311-cp311-musllinux_1_2_ppc64le.whl", hash = "sha256:eef914c014bf72d18efb55619447e0aecd5fb7c2e3fa7441e2e5d6099bddff7e"},
    {file = "propcache-0.3.2-cp311-cp311-musllinux_1_2_s390x.whl", hash = "sha256:2a4092e8549031e82facf3decdbc0883755d5bbcc62d3aea9d9e185549936dcf"},
    {file = "propcache-0.3.2-cp311-cp311-musllinux_1_2_x86_64.whl", hash = "sha256:85871b050f174bc0bfb437efbdb68aaf860611953ed12418e4361bc9c392749e"},
    {file = "propcache-0.3.2-cp311-cp311-win32.whl", hash = "sha256:36c8d9b673ec57900c3554264e630d45980fd302458e4ac801802a7fd2ef7897"},
    {file = "propcache-0.3.2-cp311-cp311-win_amd64.whl", hash = "sha256:e53af8cb6a781b02d2ea079b5b853ba9430fcbe18a8e3ce647d5982a3ff69f39"},
    {file = "propcache-0.3.2-py3-none-any.whl", hash = "sha256:98f1ec44fb675f5052cccc8e609c46ed23a35a1cfd18545ad4e29002d858a43f"},
    {file = "propcache-0.3.2.tar.gz", hash = "sha256:20d7d62e4e7ef05f221e0db2856b979540686342e7dd9973b815599c7057e168"},
]

[[package]]
name = "pydantic"
version = "2.11.7"
requires_python = ">=3.9"
summary = "Data validation using Python type hints"
groups = ["default"]
dependencies = [
    "annotated-types>=0.6.0",
    "pydantic-core==2.33.2",
    "typing-extensions>=4.12.2",
    "typing-inspection>=0.4.0",
]
files = [
    {file = "pydantic-2.11.7-py3-none-any.whl", hash = "sha256:dde5df002701f6de26248661f6835bbe296a47bf73990135c7d07ce741b9623b"},
    {file = "pydantic-2.11.7.tar.gz", hash = "sha256:d989c3c6cb79469287b1569f7447a17848c998458d49ebe294e975b9baf0f0db"},
]

[[package]]
name = "pydantic-core"
version = "2.33.2"
requires_python = ">=3.9"
summary = "Core functionality for Pydantic validation and serialization"
groups = ["default"]
dependencies = [
    "typing-extensions!=4.7.0,>=4.6.0",
]
files = [
    {file = "pydantic_core-2.33.2-cp311-cp311-macosx_10_12_x86_64.whl", hash = "sha256:4c5b0a576fb381edd6d27f0a85915c6daf2f8138dc5c267a57c08a62900758c7"},
    {file = "pydantic_core-2.33.2-cp311-cp311-macosx_11_0_arm64.whl", hash = "sha256:e799c050df38a639db758c617ec771fd8fb7a5f8eaaa4b27b101f266b216a246"},
    {file = "pydantic_core-2.33.2-cp311-cp311-manylinux_2_17_aarch64.manylinux2014_aarch64.whl", hash = "sha256:dc46a01bf8d62f227d5ecee74178ffc448ff4e5197c756331f71efcc66dc980f"},
    {file = "pydantic_core-2.33.2-cp311-cp311-manylinux_2_17_armv7l.manylinux2014_armv7l.whl", hash = "sha256:a144d4f717285c6d9234a66778059f33a89096dfb9b39117663fd8413d582dcc"},
    {file = "pydantic_core-2.33.2-cp311-cp311-manylinux_2_17_ppc64le.manylinux2014_ppc64le.whl", hash = "sha256:73cf6373c21bc80b2e0dc88444f41ae60b2f070ed02095754eb5a01df12256de"},
    {file = "pydantic_core-2.33.2-cp311-cp311-manylinux_2_17_s390x.manylinux2014_s390x.whl", hash = "sha256:3dc625f4aa79713512d1976fe9f0bc99f706a9dee21dfd1810b4bbbf228d0e8a"},
    {file = "pydantic_core-2.33.2-cp311-cp311-manylinux_2_17_x86_64.manylinux2014_x86_64.whl", hash = "sha256:881b21b5549499972441da4758d662aeea93f1923f953e9cbaff14b8b9565aef"},
    {file = "pydantic_core-2.33.2-cp311-cp311-manylinux_2_5_i686.manylinux1_i686.whl", hash = "sha256:bdc25f3681f7b78572699569514036afe3c243bc3059d3942624e936ec93450e"},
    {file = "pydantic_core-2.33.2-cp311-cp311-musllinux_1_1_aarch64.whl", hash = "sha256:fe5b32187cbc0c862ee201ad66c30cf218e5ed468ec8dc1cf49dec66e160cc4d"},
    {file = "pydantic_core-2.33.2-cp311-cp311-musllinux_1_1_armv7l.whl", hash = "sha256:bc7aee6f634a6f4a95676fcb5d6559a2c2a390330098dba5e5a5f28a2e4ada30"},
    {file = "pydantic_core-2.33.2-cp311-cp311-musllinux_1_1_x86_64.whl", hash = "sha256:235f45e5dbcccf6bd99f9f472858849f73d11120d76ea8707115415f8e5ebebf"},
    {file = "pydantic_core-2.33.2-cp311-cp311-win32.whl", hash = "sha256:6368900c2d3ef09b69cb0b913f9f8263b03786e5b2a387706c5afb66800efd51"},
    {file = "pydantic_core-2.33.2-cp311-cp311-win_amd64.whl", hash = "sha256:1e063337ef9e9820c77acc768546325ebe04ee38b08703244c1309cccc4f1bab"},
    {file = "pydantic_core-2.33.2-cp311-cp311-win_arm64.whl", hash = "sha256:6b99022f1d19bc32a4c2a0d544fc9a76e3be90f0b3f4af413f87d38749300e65"},
    {file = "pydantic_core-2.33.2-pp311-pypy311_pp73-macosx_10_12_x86_64.whl", hash = "sha256:dd14041875d09cc0f9308e37a6f8b65f5585cf2598a53aa0123df8b129d481f8"},
    {file = "pydantic_core-2.33.2-pp311-pypy311_pp73-macosx_11_0_arm64.whl", hash = "sha256:d87c561733f66531dced0da6e864f44ebf89a8fba55f31407b00c2f7f9449593"},
    {file = "pydantic_core-2.33.2-pp311-pypy311_pp73-manylinux_2_17_aarch64.manylinux2014_aarch64.whl", hash = "sha256:2f82865531efd18d6e07a04a17331af02cb7a651583c418df8266f17a63c6612"},
    {file = "pydantic_core-2.33.2-pp311-pypy311_pp73-manylinux_2_17_x86_64.manylinux2014_x86_64.whl", hash = "sha256:2bfb5112df54209d820d7bf9317c7a6c9025ea52e49f46b6a2060104bba37de7"},
    {file = "pydantic_core-2.33.2-pp311-pypy311_pp73-manylinux_2_5_i686.manylinux1_i686.whl", hash = "sha256:64632ff9d614e5eecfb495796ad51b0ed98c453e447a76bcbeeb69615079fc7e"},
    {file = "pydantic_core-2.33.2-pp311-pypy311_pp73-musllinux_1_1_aarch64.whl", hash = "sha256:f889f7a40498cc077332c7ab6b4608d296d852182211787d4f3ee377aaae66e8"},
    {file = "pydantic_core-2.33.2-pp311-pypy311_pp73-musllinux_1_1_armv7l.whl", hash = "sha256:de4b83bb311557e439b9e186f733f6c645b9417c84e2eb8203f3f820a4b988bf"},
    {file = "pydantic_core-2.33.2-pp311-pypy311_pp73-musllinux_1_1_x86_64.whl", hash = "sha256:82f68293f055f51b51ea42fafc74b6aad03e70e191799430b90c13d643059ebb"},
    {file = "pydantic_core-2.33.2-pp311-pypy311_pp73-win_amd64.whl", hash = "sha256:329467cecfb529c925cf2bbd4d60d2c509bc2fb52a20c1045bf09bb70971a9c1"},
    {file = "pydantic_core-2.33.2.tar.gz", hash = "sha256:7cb8bc3605c29176e1b105350d2e6474142d7c1bd1d9327c4a9bdb46bf827acc"},
]

[[package]]
name = "python-dotenv"
version = "1.1.1"
requires_python = ">=3.9"
summary = "Read key-value pairs from a .env file and set them as environment variables"
groups = ["default"]
files = [
    {file = "python_dotenv-1.1.1-py3-none-any.whl", hash = "sha256:31f23644fe2602f88ff55e1f5c79ba497e01224ee7737937930c448e4d0e24dc"},
    {file = "python_dotenv-1.1.1.tar.gz", hash = "sha256:a8a6399716257f45be6a007360200409fce5cda2661e3dec71d23dc15f6189ab"},
]

[[package]]
name = "sqlalchemy"
version = "2.0.41"
requires_python = ">=3.7"
summary = "Database Abstraction Library"
groups = ["default"]
dependencies = [
    "greenlet>=1; (platform_machine == \"win32\" or platform_machine == \"WIN32\" or platform_machine == \"AMD64\" or platform_machine == \"amd64\" or platform_machine == \"x86_64\" or platform_machine == \"ppc64le\" or platform_machine == \"aarch64\") and python_version < \"3.14\"",
    "importlib-metadata; python_version < \"3.8\"",
    "typing-extensions>=4.6.0",
]
files = [
    {file = "sqlalchemy-2.0.41-cp311-cp311-macosx_10_9_x86_64.whl", hash = "sha256:6375cd674fe82d7aa9816d1cb96ec592bac1726c11e0cafbf40eeee9a4516b5f"},
    {file = "sqlalchemy-2.0.41-cp311-cp311-macosx_11_0_arm64.whl", hash = "sha256:9f8c9fdd15a55d9465e590a402f42082705d66b05afc3ffd2d2eb3c6ba919560"},
    {file = "sqlalchemy-2.0.41-cp311-cp311-manylinux_2_17_aarch64.manylinux2014_aarch64.whl", hash = "sha256:32f9dc8c44acdee06c8fc6440db9eae8b4af8b01e4b1aee7bdd7241c22edff4f"},
    {file = "sqlalchemy-2.0.41-cp311-cp311-manylinux_2_17_x86_64.manylinux2014_x86_64.whl", hash = "sha256:90c11ceb9a1f482c752a71f203a81858625d8df5746d787a4786bca4ffdf71c6"},
    {file = "sqlalchemy-2.0.41-cp311-cp311-musllinux_1_2_aarch64.whl", hash = "sha256:911cc493ebd60de5f285bcae0491a60b4f2a9f0f5c270edd1c4dbaef7a38fc04"},
    {file = "sqlalchemy-2.0.41-cp311-cp311-musllinux_1_2_x86_64.whl", hash = "sha256:03968a349db483936c249f4d9cd14ff2c296adfa1290b660ba6516f973139582"},
    {file = "sqlalchemy-2.0.41-cp311-cp311-win32.whl", hash = "sha256:293cd444d82b18da48c9f71cd7005844dbbd06ca19be1ccf6779154439eec0b8"},
    {file = "sqlalchemy-2.0.41-cp311-cp311-win_amd64.whl", hash = "sha256:3d3549fc3e40667ec7199033a4e40a2f669898a00a7b18a931d3efb4c7900504"},
    {file = "sqlalchemy-2.0.41-py3-none-any.whl", hash = "sha256:57df5dc6fdb5ed1a88a1ed2195fd31927e705cad62dedd86b46972752a80f576"},
    {file = "sqlalchemy-2.0.41.tar.gz", hash = "sha256:edba70118c4be3c2b1f90754d308d0b79c6fe2c0fdc52d8ddf603916f83f4db9"},
]

[[package]]
name = "tabulate"
version = "0.9.0"
requires_python = ">=3.7"
summary = "Pretty-print tabular data"
groups = ["default"]
files = [
    {file = "tabulate-0.9.0-py3-none-any.whl", hash = "sha256:024ca478df22e9340661486f85298cff5f6dcdba14f3813e8830015b9ed1948f"},
    {file = "tabulate-0.9.0.tar.gz", hash = "sha256:0095b12bf5966de529c0feb1fa08671671b3368eec77d7ef7ab114be2c068b3c"},
]

[[package]]
name = "typing-extensions"
version = "4.14.0"
requires_python = ">=3.9"
summary = "Backported and Experimental Type Hints for Python 3.9+"
groups = ["default"]
files = [
    {file = "typing_extensions-4.14.0-py3-none-any.whl", hash = "sha256:a1514509136dd0b477638fc68d6a91497af5076466ad0fa6c338e44e359944af"},
    {file = "typing_extensions-4.14.0.tar.gz", hash = "sha256:8676b788e32f02ab42d9e7c61324048ae4c6d844a399eebace3d4979d75ceef4"},
]

[[package]]
name = "typing-inspection"
version = "0.4.1"
requires_python = ">=3.9"
summary = "Runtime typing introspection tools"
groups = ["default"]
dependencies = [
    "typing-extensions>=4.12.0",
]
files = [
    {file = "typing_inspection-0.4.1-py3-none-any.whl", hash = "sha256:389055682238f53b04f7badcb49b989835495a96700ced5dab2d8feae4b26f51"},
    {file = "typing_inspection-0.4.1.tar.gz", hash = "sha256:6ae134cc0203c33377d43188d4064e9b357dba58cff3185f22924610e70a9d28"},
]

[[package]]
name = "yarl"
version = "1.20.1"
requires_python = ">=3.9"
summary = "Yet another URL library"
groups = ["default"]
dependencies = [
    "idna>=2.0",
    "multidict>=4.0",
    "propcache>=0.2.1",
]
files = [
    {file = "yarl-1.20.1-cp311-cp311-macosx_10_9_universal2.whl", hash = "sha256:47ee6188fea634bdfaeb2cc420f5b3b17332e6225ce88149a17c413c77ff269e"},
    {file = "yarl-1.20.1-cp311-cp311-macosx_10_9_x86_64.whl", hash = "sha256:d0f6500f69e8402d513e5eedb77a4e1818691e8f45e6b687147963514d84b44b"},
    {file = "yarl-1.20.1-cp311-cp311-macosx_11_0_arm64.whl", hash = "sha256:7a8900a42fcdaad568de58887c7b2f602962356908eedb7628eaf6021a6e435b"},
    {file = "yarl-1.20.1-cp311-cp311-manylinux_2_17_aarch64.manylinux2014_aarch64.whl", hash = "sha256:bad6d131fda8ef508b36be3ece16d0902e80b88ea7200f030a0f6c11d9e508d4"},
    {file = "yarl-1.20.1-cp311-cp311-manylinux_2_17_armv7l.manylinux2014_armv7l.manylinux_2_31_armv7l.whl", hash = "sha256:df018d92fe22aaebb679a7f89fe0c0f368ec497e3dda6cb81a567610f04501f1"},
    {file = "yarl-1.20.1-cp311-cp311-manylinux_2_17_ppc64le.manylinux2014_ppc64le.whl", hash = "sha256:8f969afbb0a9b63c18d0feecf0db09d164b7a44a053e78a7d05f5df163e43833"},
    {file = "yarl-1.20.1-cp311-cp311-manylinux_2_17_s390x.manylinux2014_s390x.whl", hash = "sha256:812303eb4aa98e302886ccda58d6b099e3576b1b9276161469c25803a8db277d"},
    {file = "yarl-1.20.1-cp311-cp311-manylinux_2_17_x86_64.manylinux2014_x86_64.whl", hash = "sha256:98c4a7d166635147924aa0bf9bfe8d8abad6fffa6102de9c99ea04a1376f91e8"},
    {file = "yarl-1.20.1-cp311-cp311-manylinux_2_5_i686.manylinux1_i686.manylinux_2_17_i686.manylinux2014_i686.whl", hash = "sha256:12e768f966538e81e6e7550f9086a6236b16e26cd964cf4df35349970f3551cf"},
    {file = "yarl-1.20.1-cp311-cp311-musllinux_1_2_aarch64.whl", hash = "sha256:fe41919b9d899661c5c28a8b4b0acf704510b88f27f0934ac7a7bebdd8938d5e"},
    {file = "yarl-1.20.1-cp311-cp311-musllinux_1_2_armv7l.whl", hash = "sha256:8601bc010d1d7780592f3fc1bdc6c72e2b6466ea34569778422943e1a1f3c389"},
    {file = "yarl-1.20.1-cp311-cp311-musllinux_1_2_i686.whl", hash = "sha256:daadbdc1f2a9033a2399c42646fbd46da7992e868a5fe9513860122d7fe7a73f"},
    {file = "yarl-1.20.1-cp311-cp311-musllinux_1_2_ppc64le.whl", hash = "sha256:03aa1e041727cb438ca762628109ef1333498b122e4c76dd858d186a37cec845"},
    {file = "yarl-1.20.1-cp311-cp311-musllinux_1_2_s390x.whl", hash = "sha256:642980ef5e0fa1de5fa96d905c7e00cb2c47cb468bfcac5a18c58e27dbf8d8d1"},
    {file = "yarl-1.20.1-cp311-cp311-musllinux_1_2_x86_64.whl", hash = "sha256:86971e2795584fe8c002356d3b97ef6c61862720eeff03db2a7c86b678d85b3e"},
    {file = "yarl-1.20.1-cp311-cp311-win32.whl", hash = "sha256:597f40615b8d25812f14562699e287f0dcc035d25eb74da72cae043bb884d773"},
    {file = "yarl-1.20.1-cp311-cp311-win_amd64.whl", hash = "sha256:26ef53a9e726e61e9cd1cda6b478f17e350fb5800b4bd1cd9fe81c4d91cfeb2e"},
    {file = "yarl-1.20.1-py3-none-any.whl", hash = "sha256:83b8eb083fe4683c6115795d9fc1cfaf2cbbefb19b3a1cb68f6527460f483a77"},
    {file = "yarl-1.20.1.tar.gz", hash = "sha256:d017a4997ee50c91fd5466cef416231bb82177b93b029906cefc542ce14c35ac"},
]
